
Microsoft Visual Studio Solution File, Format Version 12.00
# Visual Studio Version 17
VisualStudioVersion = 17.3.32901.215
MinimumVisualStudioVersion = 10.0.40219.1
Project("{FAE04EC0-301F-11D3-BF4B-00C04F79EFBC}") = "SPP_1", "SPP_1\SPP_1.csproj", "{E90134CE-4DB3-4FB7-BB1E-169EC0D2B5DE}"
EndProject
Global
	GlobalSection(SolutionConfigurationPlatforms) = preSolution
		Debug|Any CPU = Debug|Any CPU
		Release|Any CPU = Release|Any CPU
	EndGlobalSection
	GlobalSection(ProjectConfigurationPlatforms) = postSolution
		{E90134CE-4DB3-4FB7-BB1E-169EC0D2B5DE}.Debug|Any CPU.ActiveCfg = Debug|Any CPU
		{E90134CE-4DB3-4FB7-BB1E-169EC0D2B5DE}.Debug|Any CPU.Build.0 = Debug|Any CPU
		{E90134CE-4DB3-4FB7-BB1E-169EC0D2B5DE}.Release|Any CPU.ActiveCfg = Release|Any CPU
		{E90134CE-4DB3-4FB7-BB1E-169EC0D2B5DE}.Release|Any CPU.Build.0 = Release|Any CPU
	EndGlobalSection
	GlobalSection(SolutionProperties) = preSolution
		HideSolutionNode = FALSE
	EndGlobalSection
	GlobalSection(ExtensibilityGlobals) = postSolution
		SolutionGuid = {79386A9B-6EC9-4BA0-A9BF-1D8470926076}
	EndGlobalSection
EndGlobal
